
Microsoft Visual Studio Solution File, Format Version 12.00
# Visual Studio 14
VisualStudioVersion = 14.0.25420.1
MinimumVisualStudioVersion = 10.0.40219.1
Project("{FAE04EC0-301F-11D3-BF4B-00C04F79EFBC}") = "VacationHire", "VacationHire\VacationHire.csproj", "{31DD3E0A-C457-403A-AED7-4B0E24D2D3C3}"
EndProject
Project("{FAE04EC0-301F-11D3-BF4B-00C04F79EFBC}") = "Repository", "Repository\Repository.csproj", "{0954A619-9AAB-4417-879C-296A58B5E3B4}"
EndProject
Project("{FAE04EC0-301F-11D3-BF4B-00C04F79EFBC}") = "Vehicle", "AutoVehicle\Vehicle.csproj", "{AD96AAA6-2EA3-4887-A4FD-E01F826CA358}"
EndProject
Project("{FAE04EC0-301F-11D3-BF4B-00C04F79EFBC}") = "Order", "OrderManager\Order.csproj", "{6730F36D-C73F-43AA-8ACC-860272919962}"
EndProject
Project("{FAE04EC0-301F-11D3-BF4B-00C04F79EFBC}") = "DataManager", "DataManager\DataManager.csproj", "{804B4BCF-5F80-4141-9C5E-89FB9D12F233}"
EndProject
Project("{FAE04EC0-301F-11D3-BF4B-00C04F79EFBC}") = "BillManager", "BillManager\BillManager.csproj", "{281F4005-C833-4329-BA03-8AB5EC891912}"
EndProject
Project("{FAE04EC0-301F-11D3-BF4B-00C04F79EFBC}") = "CurrecyExchange", "CurrecyExchange\CurrecyExchange.csproj", "{67870D44-3E77-4BE2-A3E2-627C1D325AE4}"
EndProject
Project("{FAE04EC0-301F-11D3-BF4B-00C04F79EFBC}") = "User", "User\User.csproj", "{6257FF6B-A1D3-49F6-8584-89A66C3A0971}"
EndProject
Project("{FAE04EC0-301F-11D3-BF4B-00C04F79EFBC}") = "UnitTest", "UnitTest\UnitTest.csproj", "{22D4B121-AEDD-4CFA-B41D-C0D065ED60E7}"
EndProject
Project("{FAE04EC0-301F-11D3-BF4B-00C04F79EFBC}") = "CommonProduct", "CommonProduct\CommonProduct.csproj", "{DE7D4CA1-1406-4EFC-B080-3360EF548653}"
EndProject
Global
	GlobalSection(SolutionConfigurationPlatforms) = preSolution
		Debug|Any CPU = Debug|Any CPU
		Release|Any CPU = Release|Any CPU
	EndGlobalSection
	GlobalSection(ProjectConfigurationPlatforms) = postSolution
		{31DD3E0A-C457-403A-AED7-4B0E24D2D3C3}.Debug|Any CPU.ActiveCfg = Debug|Any CPU
		{31DD3E0A-C457-403A-AED7-4B0E24D2D3C3}.Debug|Any CPU.Build.0 = Debug|Any CPU
		{31DD3E0A-C457-403A-AED7-4B0E24D2D3C3}.Release|Any CPU.ActiveCfg = Release|Any CPU
		{31DD3E0A-C457-403A-AED7-4B0E24D2D3C3}.Release|Any CPU.Build.0 = Release|Any CPU
		{0954A619-9AAB-4417-879C-296A58B5E3B4}.Debug|Any CPU.ActiveCfg = Debug|Any CPU
		{0954A619-9AAB-4417-879C-296A58B5E3B4}.Debug|Any CPU.Build.0 = Debug|Any CPU
		{0954A619-9AAB-4417-879C-296A58B5E3B4}.Release|Any CPU.ActiveCfg = Release|Any CPU
		{0954A619-9AAB-4417-879C-296A58B5E3B4}.Release|Any CPU.Build.0 = Release|Any CPU
		{AD96AAA6-2EA3-4887-A4FD-E01F826CA358}.Debug|Any CPU.ActiveCfg = Debug|Any CPU
		{AD96AAA6-2EA3-4887-A4FD-E01F826CA358}.Debug|Any CPU.Build.0 = Debug|Any CPU
		{AD96AAA6-2EA3-4887-A4FD-E01F826CA358}.Release|Any CPU.ActiveCfg = Release|Any CPU
		{AD96AAA6-2EA3-4887-A4FD-E01F826CA358}.Release|Any CPU.Build.0 = Release|Any CPU
		{6730F36D-C73F-43AA-8ACC-860272919962}.Debug|Any CPU.ActiveCfg = Debug|Any CPU
		{6730F36D-C73F-43AA-8ACC-860272919962}.Debug|Any CPU.Build.0 = Debug|Any CPU
		{6730F36D-C73F-43AA-8ACC-860272919962}.Release|Any CPU.ActiveCfg = Release|Any CPU
		{6730F36D-C73F-43AA-8ACC-860272919962}.Release|Any CPU.Build.0 = Release|Any CPU
		{804B4BCF-5F80-4141-9C5E-89FB9D12F233}.Debug|Any CPU.ActiveCfg = Debug|Any CPU
		{804B4BCF-5F80-4141-9C5E-89FB9D12F233}.Debug|Any CPU.Build.0 = Debug|Any CPU
		{804B4BCF-5F80-4141-9C5E-89FB9D12F233}.Release|Any CPU.ActiveCfg = Release|Any CPU
		{804B4BCF-5F80-4141-9C5E-89FB9D12F233}.Release|Any CPU.Build.0 = Release|Any CPU
		{281F4005-C833-4329-BA03-8AB5EC891912}.Debug|Any CPU.ActiveCfg = Debug|Any CPU
		{281F4005-C833-4329-BA03-8AB5EC891912}.Debug|Any CPU.Build.0 = Debug|Any CPU
		{281F4005-C833-4329-BA03-8AB5EC891912}.Release|Any CPU.ActiveCfg = Release|Any CPU
		{281F4005-C833-4329-BA03-8AB5EC891912}.Release|Any CPU.Build.0 = Release|Any CPU
		{67870D44-3E77-4BE2-A3E2-627C1D325AE4}.Debug|Any CPU.ActiveCfg = Debug|Any CPU
		{67870D44-3E77-4BE2-A3E2-627C1D325AE4}.Debug|Any CPU.Build.0 = Debug|Any CPU
		{67870D44-3E77-4BE2-A3E2-627C1D325AE4}.Release|Any CPU.ActiveCfg = Release|Any CPU
		{67870D44-3E77-4BE2-A3E2-627C1D325AE4}.Release|Any CPU.Build.0 = Release|Any CPU
		{6257FF6B-A1D3-49F6-8584-89A66C3A0971}.Debug|Any CPU.ActiveCfg = Debug|Any CPU
		{6257FF6B-A1D3-49F6-8584-89A66C3A0971}.Debug|Any CPU.Build.0 = Debug|Any CPU
		{6257FF6B-A1D3-49F6-8584-89A66C3A0971}.Release|Any CPU.ActiveCfg = Release|Any CPU
		{6257FF6B-A1D3-49F6-8584-89A66C3A0971}.Release|Any CPU.Build.0 = Release|Any CPU
		{22D4B121-AEDD-4CFA-B41D-C0D065ED60E7}.Debug|Any CPU.ActiveCfg = Debug|Any CPU
		{22D4B121-AEDD-4CFA-B41D-C0D065ED60E7}.Debug|Any CPU.Build.0 = Debug|Any CPU
		{22D4B121-AEDD-4CFA-B41D-C0D065ED60E7}.Release|Any CPU.ActiveCfg = Release|Any CPU
		{22D4B121-AEDD-4CFA-B41D-C0D065ED60E7}.Release|Any CPU.Build.0 = Release|Any CPU
		{DE7D4CA1-1406-4EFC-B080-3360EF548653}.Debug|Any CPU.ActiveCfg = Debug|Any CPU
		{DE7D4CA1-1406-4EFC-B080-3360EF548653}.Debug|Any CPU.Build.0 = Debug|Any CPU
		{DE7D4CA1-1406-4EFC-B080-3360EF548653}.Release|Any CPU.ActiveCfg = Release|Any CPU
		{DE7D4CA1-1406-4EFC-B080-3360EF548653}.Release|Any CPU.Build.0 = Release|Any CPU
	EndGlobalSection
	GlobalSection(SolutionProperties) = preSolution
		HideSolutionNode = FALSE
	EndGlobalSection
EndGlobal
